{
  "lockfileVersion": 1,
  "configVersion": 1,
  "workspaces": {
    "": {
      "name": "@corbits/reranking",
      "dependencies": {
        "@intx/inference": "0.2.2",
        "@intx/log": "0.2.2",
        "@intx/types": "0.2.2",
        "arktype": "^2.1.29",
      },
      "devDependencies": {
        "@intx/inference-testing": "0.2.2",
        "@types/bun": "1.3.9",
        "prettier": "3.6.2",
        "typescript": "5.9.3",
      },
    },
  },
  "packages": {
    "@ark/schema": ["@ark/schema@0.56.2", "", { "dependencies": { "@ark/util": "0.56.2" } }, "sha512-Qx4D2JFbBWpntiHZaTv7bGG4H/M2rigiknezKg/WVyDSaLdE4YCcWAOoFB7pjjDqHbbV2OqRfntm1nnXvwMexg=="],

    "@ark/util": ["@ark/util@0.56.2", "", {}, "sha512-9kU2sUE38FZEGG7l3hamYMBieLYEJh2L1mrYD2eXpT+78EnQSV1bhjxJhnxGBMSTbtwpBSDNSK+K60WvaI/DTQ=="],

    "@intx/inference": ["@intx/inference@0.2.2", "", { "dependencies": { "@intx/log": "0.2.2", "@intx/types": "0.2.2", "arktype": "^2.1.29" } }, "sha512-4xBbz/6WoeDMfOarma4Odm0f2/9h6ICJTtr2D/JiIlGl3Q8EOP8UxGmf9ZY2MisVqznRDFBp/bHh7U2It/1D/g=="],

    "@intx/inference-discovery": ["@intx/inference-discovery@0.2.2", "", { "dependencies": { "arktype": "^2.1.29" } }, "sha512-S99b04k/966fS7ZI5oMZM3HS7VImobmFN5DgLMPsMoPF8rQHVVTAHHsZcFn3Mo7HqSdgbNSL8SMC2WpKlsz64A=="],

    "@intx/inference-testing": ["@intx/inference-testing@0.2.2", "", { "dependencies": { "@intx/inference": "0.2.2", "@intx/inference-discovery": "0.2.2", "@intx/types": "0.2.2", "arktype": "^2.1.29" } }, "sha512-ur7fiZk86jOQdi2OYsL0r+UlCfkYaqO/1SBondQ3q556+2pZVCrSsA29irVP73ObdnFFgPDs/Z7YXmZLh/Ai6Q=="],

    "@intx/log": ["@intx/log@0.2.2", "", { "dependencies": { "@logtape/hono": "^2.0.2", "@logtape/logtape": "^2.0.2" }, "peerDependencies": { "hono": "^4.0.0" }, "optionalPeers": ["hono"] }, "sha512-Rlkd4pvyXwlqkm6hui97VwuTytqgOmenvbdaHAFdYr1e6DHHhGu7ZodUEsLiF4993qJmWNHGlNbHEgQY1LNPrQ=="],

    "@intx/types": ["@intx/types@0.2.2", "", { "dependencies": { "arktype": "^2.1.29", "semver": "^7.7.2" } }, "sha512-9DYTXLuf6ARsHWOWnRuOaA/+5haM3yJVUhvzlps/eQTH6zjk3CMOlbgKUtBYZ164MhC5IbXCvJTLGyM1grpMqw=="],

    "@logtape/hono": ["@logtape/hono@2.2.4", "", { "peerDependencies": { "@logtape/logtape": "^2.2.4", "hono": "^4.0.0" } }, "sha512-y0iKPQ4vOS+s3C2sj40juY7DtyYGnylvdWi1s6J7+5hE3RyW5jBNDax+XiXPEJnVBMg5zU5MHR7dbqGvmPu1hg=="],

    "@logtape/logtape": ["@logtape/logtape@2.2.4", "", {}, "sha512-2rALzv9m4ibE5FyB8/FMm5MPMMlK7ujgy3ufricVKIxj6e7SZbw4w6J16/fRAsXgdDlOXPUA0aa6XoEQvdlKxw=="],

    "@types/bun": ["@types/bun@1.3.9", "", { "dependencies": { "bun-types": "1.3.9" } }, "sha512-KQ571yULOdWJiMH+RIWIOZ7B2RXQGpL1YQrBtLIV3FqDcCu6FsbFUBwhdKUlCKUpS3PJDsHlJ1QKlpxoVR+xtw=="],

    "@types/node": ["@types/node@26.1.1", "", { "dependencies": { "undici-types": "~8.3.0" } }, "sha512-nxAkRSVkN1Y0JC1W8ky/fTfkGsMmcrRsbx+3XoZE+rMOX71kLYTV7fLXpqud1GpbpP5TuffXFqfX7fH2GgZREw=="],

    "arkregex": ["arkregex@0.0.8", "", { "dependencies": { "@ark/util": "0.56.2" } }, "sha512-PJcx6G1kQTgLKPUbeYlYecDRaKq15AMSGVajlKFYWlPeJRQL+j3dKE6tyMs40HZ99djS1l9Vhl3ezAHy9JBIqQ=="],

    "arktype": ["arktype@2.2.3", "", { "dependencies": { "@ark/schema": "0.56.2", "@ark/util": "0.56.2", "arkregex": "0.0.8" } }, "sha512-7W+0RLTUNJiBFIIZXwOQxSR8Z273IAd6IvqBeG9+gHnQKFsIx2C0iOtGTmMrPnlX4qLXyc5+ll7A0BIj9WrbTg=="],

    "bun-types": ["bun-types@1.3.9", "", { "dependencies": { "@types/node": "*" } }, "sha512-+UBWWOakIP4Tswh0Bt0QD0alpTY8cb5hvgiYeWCMet9YukHbzuruIEeXC2D7nMJPB12kbh8C7XJykSexEqGKJg=="],

    "hono": ["hono@4.12.32", "", {}, "sha512-XcuyW9qE2kJn07PkecMOBd5Vq/hMy7mmGw+idz1yblbg9N17ijJODrvPkn7/dwL3Kulj8LcRJ69DLOWf91dRUg=="],

    "prettier": ["prettier@3.6.2", "", { "bin": { "prettier": "bin/prettier.cjs" } }, "sha512-I7AIg5boAr5R0FFtJ6rCfD+LFsWHp81dolrFD8S79U9tb8Az2nGrJncnMSnys+bpQJfRUzqs9hnA81OAA3hCuQ=="],

    "semver": ["semver@7.8.5", "", { "bin": { "semver": "bin/semver.js" } }, "sha512-Y7/KDsb8LjooZpwaqGyulO6DQlksgCncchHGk+sZIY4SBvUocMBEFH5Ur1fI4dV+Jvl0w6cjvucaIi40puRioA=="],

    "typescript": ["typescript@5.9.3", "", { "bin": { "tsc": "bin/tsc", "tsserver": "bin/tsserver" } }, "sha512-jl1vZzPDinLr9eUt3J/t7V6FgNEw9QjvBPdysz9KfQDD41fQrC2Y4vKQdiaUpFT4bXlb1RHhLpp8wtm6M5TgSw=="],

    "undici-types": ["undici-types@8.3.0", "", {}, "sha512-j375ScV60dom+YkPFIfTLcOiPxkN/buHz5GobjLhixFuANaNs3C9l4GmrWqejgXWJ7BbJcFYpTEUkS1Ge8bpZQ=="],
  }
}
